
Microsoft Visual Studio Solution File, Format Version 12.00
# Visual Studio Version 17
VisualStudioVersion = 17.14.36518.9 d17.14
MinimumVisualStudioVersion = 10.0.40219.1
Project("{FAE04EC0-301F-11D3-BF4B-00C04F79EFBC}") = "TechnicalAssestmentMSA.Domain", "TechnicalAssestmentMSA.Domain\TechnicalAssestmentMSA.Domain.csproj", "{88CEED56-4510-485D-8EDF-878D12B73F4C}"
EndProject
Project("{FAE04EC0-301F-11D3-BF4B-00C04F79EFBC}") = "TechnicalAssestmentMSA.Application", "TechnicalAssestmentMSA.Application\TechnicalAssestmentMSA.Application.csproj", "{75D4B082-3F72-4348-A653-E4191223AD7B}"
EndProject
Project("{FAE04EC0-301F-11D3-BF4B-00C04F79EFBC}") = "TechnicalAssestmentMSA.Infrastructure", "TechnicalAssestmentMSA.Infrastructure\TechnicalAssestmentMSA.Infrastructure.csproj", "{94A5113B-403A-43E0-B442-12AD95C108A8}"
EndProject
Project("{FAE04EC0-301F-11D3-BF4B-00C04F79EFBC}") = "TechnicalAssestmentMSA.API", "TechnicalAssestmentMSA.API\TechnicalAssestmentMSA.API.csproj", "{39467F87-6863-4BBC-93D5-5C3E458E3228}"
EndProject
Project("{FAE04EC0-301F-11D3-BF4B-00C04F79EFBC}") = "TechnicalAssestmentMSA.Teste", "TechnicalAssestmentMSA.Teste\TechnicalAssestmentMSA.Teste.csproj", "{274CDB28-B949-44AF-A4BD-20938A5860F8}"
EndProject
Global
	GlobalSection(SolutionConfigurationPlatforms) = preSolution
		Debug|Any CPU = Debug|Any CPU
		Release|Any CPU = Release|Any CPU
	EndGlobalSection
	GlobalSection(ProjectConfigurationPlatforms) = postSolution
		{88CEED56-4510-485D-8EDF-878D12B73F4C}.Debug|Any CPU.ActiveCfg = Debug|Any CPU
		{88CEED56-4510-485D-8EDF-878D12B73F4C}.Debug|Any CPU.Build.0 = Debug|Any CPU
		{88CEED56-4510-485D-8EDF-878D12B73F4C}.Release|Any CPU.ActiveCfg = Release|Any CPU
		{88CEED56-4510-485D-8EDF-878D12B73F4C}.Release|Any CPU.Build.0 = Release|Any CPU
		{75D4B082-3F72-4348-A653-E4191223AD7B}.Debug|Any CPU.ActiveCfg = Debug|Any CPU
		{75D4B082-3F72-4348-A653-E4191223AD7B}.Debug|Any CPU.Build.0 = Debug|Any CPU
		{75D4B082-3F72-4348-A653-E4191223AD7B}.Release|Any CPU.ActiveCfg = Release|Any CPU
		{75D4B082-3F72-4348-A653-E4191223AD7B}.Release|Any CPU.Build.0 = Release|Any CPU
		{94A5113B-403A-43E0-B442-12AD95C108A8}.Debug|Any CPU.ActiveCfg = Debug|Any CPU
		{94A5113B-403A-43E0-B442-12AD95C108A8}.Debug|Any CPU.Build.0 = Debug|Any CPU
		{94A5113B-403A-43E0-B442-12AD95C108A8}.Release|Any CPU.ActiveCfg = Release|Any CPU
		{94A5113B-403A-43E0-B442-12AD95C108A8}.Release|Any CPU.Build.0 = Release|Any CPU
		{39467F87-6863-4BBC-93D5-5C3E458E3228}.Debug|Any CPU.ActiveCfg = Debug|Any CPU
		{39467F87-6863-4BBC-93D5-5C3E458E3228}.Debug|Any CPU.Build.0 = Debug|Any CPU
		{39467F87-6863-4BBC-93D5-5C3E458E3228}.Release|Any CPU.ActiveCfg = Release|Any CPU
		{39467F87-6863-4BBC-93D5-5C3E458E3228}.Release|Any CPU.Build.0 = Release|Any CPU
		{274CDB28-B949-44AF-A4BD-20938A5860F8}.Debug|Any CPU.ActiveCfg = Debug|Any CPU
		{274CDB28-B949-44AF-A4BD-20938A5860F8}.Debug|Any CPU.Build.0 = Debug|Any CPU
		{274CDB28-B949-44AF-A4BD-20938A5860F8}.Release|Any CPU.ActiveCfg = Release|Any CPU
		{274CDB28-B949-44AF-A4BD-20938A5860F8}.Release|Any CPU.Build.0 = Release|Any CPU
	EndGlobalSection
	GlobalSection(SolutionProperties) = preSolution
		HideSolutionNode = FALSE
	EndGlobalSection
	GlobalSection(ExtensibilityGlobals) = postSolution
		SolutionGuid = {C3F91D95-D930-4548-99E1-BB46A53C413E}
	EndGlobalSection
EndGlobal
